// !$*UTF8*$!
{
	archiveVersion = 1;
	classes = {
	};
	objectVersion = 46;
	objects = {

/* Begin PBXBuildFile section */
		768305091A4A4FCD002C88B5 /* main.m in Sources */ = {isa = PBXBuildFile; fileRef = 768305081A4A4FCD002C88B5 /* main.m */; };
		7683050C1A4A4FCD002C88B5 /* AppDelegate.m in Sources */ = {isa = PBXBuildFile; fileRef = 7683050B1A4A4FCD002C88B5 /* AppDelegate.m */; };
		7683050F1A4A4FCD002C88B5 /* CustomTableViewController.m in Sources */ = {isa = PBXBuildFile; fileRef = 7683050E1A4A4FCD002C88B5 /* CustomTableViewController.m */; };
		768305121A4A4FCD002C88B5 /* Main.storyboard in Resources */ = {isa = PBXBuildFile; fileRef = 768305101A4A4FCD002C88B5 /* Main.storyboard */; };
		768305141A4A4FCD002C88B5 /* Images.xcassets in Resources */ = {isa = PBXBuildFile; fileRef = 768305131A4A4FCD002C88B5 /* Images.xcassets */; };
		768305171A4A4FCD002C88B5 /* LaunchScreen.xib in Resources */ = {isa = PBXBuildFile; fileRef = 768305151A4A4FCD002C88B5 /* LaunchScreen.xib */; };
		768305231A4A4FCD002C88B5 /* CustomTableTests.m in Sources */ = {isa = PBXBuildFile; fileRef = 768305221A4A4FCD002C88B5 /* CustomTableTests.m */; };
		7683054A1A4A604E002C88B5 /* pic10.png in Resources */ = {isa = PBXBuildFile; fileRef = 7683053A1A4A604E002C88B5 /* pic10.png */; };
		7683054B1A4A604E002C88B5 /* pic11.png in Resources */ = {isa = PBXBuildFile; fileRef = 7683053B1A4A604E002C88B5 /* pic11.png */; };
		7683054C1A4A604E002C88B5 /* pic12.png in Resources */ = {isa = PBXBuildFile; fileRef = 7683053C1A4A604E002C88B5 /* pic12.png */; };
		7683054D1A4A604E002C88B5 /* pic13.png in Resources */ = {isa = PBXBuildFile; fileRef = 7683053D1A4A604E002C88B5 /* pic13.png */; };
		7683054E1A4A604E002C88B5 /* pic14.png in Resources */ = {isa = PBXBuildFile; fileRef = 7683053E1A4A604E002C88B5 /* pic14.png */; };
		7683054F1A4A604E002C88B5 /* pic15.png in Resources */ = {isa = PBXBuildFile; fileRef = 7683053F1A4A604E002C88B5 /* pic15.png */; };
		768305501A4A604E002C88B5 /* pic16.png in Resources */ = {isa = PBXBuildFile; fileRef = 768305401A4A604E002C88B5 /* pic16.png */; };
		768305511A4A604E002C88B5 /* pic17.png in Resources */ = {isa = PBXBuildFile; fileRef = 768305411A4A604E002C88B5 /* pic17.png */; };
		768305521A4A604E002C88B5 /* pic2.png in Resources */ = {isa = PBXBuildFile; fileRef = 768305421A4A604E002C88B5 /* pic2.png */; };
		768305531A4A604E002C88B5 /* pic3.png in Resources */ = {isa = PBXBuildFile; fileRef = 768305431A4A604E002C88B5 /* pic3.png */; };
		768305541A4A604E002C88B5 /* pic4.png in Resources */ = {isa = PBXBuildFile; fileRef = 768305441A4A604E002C88B5 /* pic4.png */; };
		768305551A4A604E002C88B5 /* pic5.png in Resources */ = {isa = PBXBuildFile; fileRef = 768305451A4A604E002C88B5 /* pic5.png */; };
		768305561A4A604E002C88B5 /* pic6.png in Resources */ = {isa = PBXBuildFile; fileRef = 768305461A4A604E002C88B5 /* pic6.png */; };
		768305571A4A604E002C88B5 /* pic7.png in Resources */ = {isa = PBXBuildFile; fileRef = 768305471A4A604E002C88B5 /* pic7.png */; };
		768305581A4A604E002C88B5 /* pic8.png in Resources */ = {isa = PBXBuildFile; fileRef = 768305481A4A604E002C88B5 /* pic8.png */; };
		768305591A4A604E002C88B5 /* pic9.png in Resources */ = {isa = PBXBuildFile; fileRef = 768305491A4A604E002C88B5 /* pic9.png */; };
		7683055C1A4A631D002C88B5 /* CustomTableCell.m in Sources */ = {isa = PBXBuildFile; fileRef = 7683055B1A4A631D002C88B5 /* CustomTableCell.m */; };
		768305C61A4BC4B4002C88B5 /* DetailViewController.m in Sources */ = {isa = PBXBuildFile; fileRef = 768305C51A4BC4B4002C88B5 /* DetailViewController.m */; };
		768305C91A4BD1EC002C88B5 /* AboutViewController.m in Sources */ = {isa = PBXBuildFile; fileRef = 768305C81A4BD1EC002C88B5 /* AboutViewController.m */; };
		768305CC1A4BD772002C88B5 /* Brand.m in Sources */ = {isa = PBXBuildFile; fileRef = 768305CB1A4BD772002C88B5 /* Brand.m */; };
/* End PBXBuildFile section */

/* Begin PBXContainerItemProxy section */
		7683051D1A4A4FCD002C88B5 /* PBXContainerItemProxy */ = {
			isa = PBXContainerItemProxy;
			containerPortal = 768304FB1A4A4FCD002C88B5 /* Project object */;
			proxyType = 1;
			remoteGlobalIDString = 768305021A4A4FCD002C88B5;
			remoteInfo = CustomTable;
		};
/* End PBXContainerItemProxy section */

/* Begin PBXFileReference section */
		768305031A4A4FCD002C88B5 /* CustomTable.app */ = {isa = PBXFileReference; explicitFileType = wrapper.application; includeInIndex = 0; path = CustomTable.app; sourceTree = BUILT_PRODUCTS_DIR; };
		768305071A4A4FCD002C88B5 /* Info.plist */ = {isa = PBXFileReference; lastKnownFileType = text.plist.xml; path = Info.plist; sourceTree = "<group>"; };
		768305081A4A4FCD002C88B5 /* main.m */ = {isa = PBXFileReference; lastKnownFileType = sourcecode.c.objc; path = main.m; sourceTree = "<group>"; };
		7683050A1A4A4FCD002C88B5 /* AppDelegate.h */ = {isa = PBXFileReference; lastKnownFileType = sourcecode.c.h; path = AppDelegate.h; sourceTree = "<group>"; };
		7683050B1A4A4FCD002C88B5 /* AppDelegate.m */ = {isa = PBXFileReference; lastKnownFileType = sourcecode.c.objc; path = AppDelegate.m; sourceTree = "<group>"; };
		7683050D1A4A4FCD002C88B5 /* CustomTableViewController.h */ = {isa = PBXFileReference; lastKnownFileType = sourcecode.c.h; path = CustomTableViewController.h; sourceTree = "<group>"; };
		7683050E1A4A4FCD002C88B5 /* CustomTableViewController.m */ = {isa = PBXFileReference; lastKnownFileType = sourcecode.c.objc; path = CustomTableViewController.m; sourceTree = "<group>"; };
		768305111A4A4FCD002C88B5 /* Base */ = {isa = PBXFileReference; lastKnownFileType = file.storyboard; name = Base; path = Base.lproj/Main.storyboard; sourceTree = "<group>"; };
		768305131A4A4FCD002C88B5 /* Images.xcassets */ = {isa = PBXFileReference; lastKnownFileType = folder.assetcatalog; path = Images.xcassets; sourceTree = "<group>"; };
		768305161A4A4FCD002C88B5 /* Base */ = {isa = PBXFileReference; lastKnownFileType = file.xib; name = Base; path = Base.lproj/LaunchScreen.xib; sourceTree = "<group>"; };
		7683051C1A4A4FCD002C88B5 /* CustomTableTests.xctest */ = {isa = PBXFileReference; explicitFileType = wrapper.cfbundle; includeInIndex = 0; path = CustomTableTests.xctest; sourceTree = BUILT_PRODUCTS_DIR; };
		768305211A4A4FCD002C88B5 /* Info.plist */ = {isa = PBXFileReference; lastKnownFileType = text.plist.xml; path = Info.plist; sourceTree = "<group>"; };
		768305221A4A4FCD002C88B5 /* CustomTableTests.m */ = {isa = PBXFileReference; lastKnownFileType = sourcecode.c.objc; path = CustomTableTests.m; sourceTree = "<group>"; };
		7683053A1A4A604E002C88B5 /* pic10.png */ = {isa = PBXFileReference; lastKnownFileType = image.png; path = pic10.png; sourceTree = "<group>"; };
		7683053B1A4A604E002C88B5 /* pic11.png */ = {isa = PBXFileReference; lastKnownFileType = image.png; path = pic11.png; sourceTree = "<group>"; };
		7683053C1A4A604E002C88B5 /* pic12.png */ = {isa = PBXFileReference; lastKnownFileType = image.png; path = pic12.png; sourceTree = "<group>"; };
		7683053D1A4A604E002C88B5 /* pic13.png */ = {isa = PBXFileReference; lastKnownFileType = image.png; path = pic13.png; sourceTree = "<group>"; };
		7683053E1A4A604E002C88B5 /* pic14.png */ = {isa = PBXFileReference; lastKnownFileType = image.png; path = pic14.png; sourceTree = "<group>"; };
		7683053F1A4A604E002C88B5 /* pic15.png */ = {isa = PBXFileReference; lastKnownFileType = image.png; path = pic15.png; sourceTree = "<group>"; };
		768305401A4A604E002C88B5 /* pic16.png */ = {isa = PBXFileReference; lastKnownFileType = image.png; path = pic16.png; sourceTree = "<group>"; };
		768305411A4A604E002C88B5 /* pic17.png */ = {isa = PBXFileReference; lastKnownFileType = image.png; path = pic17.png; sourceTree = "<group>"; };
		768305421A4A604E002C88B5 /* pic2.png */ = {isa = PBXFileReference; lastKnownFileType = image.png; path = pic2.png; sourceTree = "<group>"; };
		768305431A4A604E002C88B5 /* pic3.png */ = {isa = PBXFileReference; lastKnownFileType = image.png; path = pic3.png; sourceTree = "<group>"; };
		768305441A4A604E002C88B5 /* pic4.png */ = {isa = PBXFileReference; lastKnownFileType = image.png; path = pic4.png; sourceTree = "<group>"; };
		768305451A4A604E002C88B5 /* pic5.png */ = {isa = PBXFileReference; lastKnownFileType = image.png; path = pic5.png; sourceTree = "<group>"; };
		768305461A4A604E002C88B5 /* pic6.png */ = {isa = PBXFileReference; lastKnownFileType = image.png; path = pic6.png; sourceTree = "<group>"; };
		768305471A4A604E002C88B5 /* pic7.png */ = {isa = PBXFileReference; lastKnownFileType = image.png; path = pic7.png; sourceTree = "<group>"; };
		768305481A4A604E002C88B5 /* pic8.png */ = {isa = PBXFileReference; lastKnownFileType = image.png; path = pic8.png; sourceTree = "<group>"; };
		768305491A4A604E002C88B5 /* pic9.png */ = {isa = PBXFileReference; lastKnownFileType = image.png; path = pic9.png; sourceTree = "<group>"; };
		7683055A1A4A631D002C88B5 /* CustomTableCell.h */ = {isa = PBXFileReference; fileEncoding = 4; lastKnownFileType = sourcecode.c.h; path = CustomTableCell.h; sourceTree = "<group>"; };
		7683055B1A4A631D002C88B5 /* CustomTableCell.m */ = {isa = PBXFileReference; fileEncoding = 4; lastKnownFileType = sourcecode.c.objc; path = CustomTableCell.m; sourceTree = "<group>"; };
		768305C41A4BC4B4002C88B5 /* DetailViewController.h */ = {isa = PBXFileReference; fileEncoding = 4; lastKnownFileType = sourcecode.c.h; path = DetailViewController.h; sourceTree = "<group>"; };
		768305C51A4BC4B4002C88B5 /* DetailViewController.m */ = {isa = PBXFileReference; fileEncoding = 4; lastKnownFileType = sourcecode.c.objc; path = DetailViewController.m; sourceTree = "<group>"; };
		768305C71A4BD1EC002C88B5 /* AboutViewController.h */ = {isa = PBXFileReference; fileEncoding = 4; lastKnownFileType = sourcecode.c.h; path = AboutViewController.h; sourceTree = "<group>"; };
		768305C81A4BD1EC002C88B5 /* AboutViewController.m */ = {isa = PBXFileReference; fileEncoding = 4; lastKnownFileType = sourcecode.c.objc; path = AboutViewController.m; sourceTree = "<group>"; };
		768305CA1A4BD772002C88B5 /* Brand.h */ = {isa = PBXFileReference; fileEncoding = 4; lastKnownFileType = sourcecode.c.h; path = Brand.h; sourceTree = "<group>"; };
		768305CB1A4BD772002C88B5 /* Brand.m */ = {isa = PBXFileReference; fileEncoding = 4; lastKnownFileType = sourcecode.c.objc; path = Brand.m; sourceTree = "<group>"; };
/* End PBXFileReference section */

/* Begin PBXFrameworksBuildPhase section */
		768305001A4A4FCD002C88B5 /* Frameworks */ = {
			isa = PBXFrameworksBuildPhase;
			buildActionMask = 2147483647;
			files = (
			);
			runOnlyForDeploymentPostprocessing = 0;
		};
		768305191A4A4FCD002C88B5 /* Frameworks */ = {
			isa = PBXFrameworksBuildPhase;
			buildActionMask = 2147483647;
			files = (
			);
			runOnlyForDeploymentPostprocessing = 0;
		};
/* End PBXFrameworksBuildPhase section */

/* Begin PBXGroup section */
		768304FA1A4A4FCD002C88B5 = {
			isa = PBXGroup;
			children = (
				768305051A4A4FCD002C88B5 /* CustomTable */,
				7683051F1A4A4FCD002C88B5 /* CustomTableTests */,
				768305041A4A4FCD002C88B5 /* Products */,
			);
			sourceTree = "<group>";
		};
		768305041A4A4FCD002C88B5 /* Products */ = {
			isa = PBXGroup;
			children = (
				768305031A4A4FCD002C88B5 /* CustomTable.app */,
				7683051C1A4A4FCD002C88B5 /* CustomTableTests.xctest */,
			);
			name = Products;
			sourceTree = "<group>";
		};
		768305051A4A4FCD002C88B5 /* CustomTable */ = {
			isa = PBXGroup;
			children = (
				768305CE1A4BEC69002C88B5 /* Views */,
				768305CD1A4BEC5F002C88B5 /* ViewControllers */,
				768305101A4A4FCD002C88B5 /* Main.storyboard */,
				768305131A4A4FCD002C88B5 /* Images.xcassets */,
				768305151A4A4FCD002C88B5 /* LaunchScreen.xib */,
				768305061A4A4FCD002C88B5 /* Supporting Files */,
			);
			path = CustomTable;
			sourceTree = "<group>";
		};
		768305061A4A4FCD002C88B5 /* Supporting Files */ = {
			isa = PBXGroup;
			children = (
				768305391A4A604E002C88B5 /* pic */,
				7683050A1A4A4FCD002C88B5 /* AppDelegate.h */,
				7683050B1A4A4FCD002C88B5 /* AppDelegate.m */,
				768305071A4A4FCD002C88B5 /* Info.plist */,
				768305081A4A4FCD002C88B5 /* main.m */,
			);
			name = "Supporting Files";
			sourceTree = "<group>";
		};
		7683051F1A4A4FCD002C88B5 /* CustomTableTests */ = {
			isa = PBXGroup;
			children = (
				768305221A4A4FCD002C88B5 /* CustomTableTests.m */,
				768305201A4A4FCD002C88B5 /* Supporting Files */,
			);
			path = CustomTableTests;
			sourceTree = "<group>";
		};
		768305201A4A4FCD002C88B5 /* Supporting Files */ = {
			isa = PBXGroup;
			children = (
				768305211A4A4FCD002C88B5 /* Info.plist */,
			);
			name = "Supporting Files";
			sourceTree = "<group>";
		};
		768305391A4A604E002C88B5 /* pic */ = {
			isa = PBXGroup;
			children = (
				768305421A4A604E002C88B5 /* pic2.png */,
				768305431A4A604E002C88B5 /* pic3.png */,
				768305441A4A604E002C88B5 /* pic4.png */,
				768305451A4A604E002C88B5 /* pic5.png */,
				768305461A4A604E002C88B5 /* pic6.png */,
				768305471A4A604E002C88B5 /* pic7.png */,
				768305481A4A604E002C88B5 /* pic8.png */,
				768305491A4A604E002C88B5 /* pic9.png */,
				7683053A1A4A604E002C88B5 /* pic10.png */,
				7683053B1A4A604E002C88B5 /* pic11.png */,
				7683053C1A4A604E002C88B5 /* pic12.png */,
				7683053D1A4A604E002C88B5 /* pic13.png */,
				7683053E1A4A604E002C88B5 /* pic14.png */,
				7683053F1A4A604E002C88B5 /* pic15.png */,
				768305401A4A604E002C88B5 /* pic16.png */,
				768305411A4A604E002C88B5 /* pic17.png */,
			);
			path = pic;
			sourceTree = "<group>";
		};
		768305CD1A4BEC5F002C88B5 /* ViewControllers */ = {
			isa = PBXGroup;
			children = (
				7683050D1A4A4FCD002C88B5 /* CustomTableViewController.h */,
				7683050E1A4A4FCD002C88B5 /* CustomTableViewController.m */,
				7683055A1A4A631D002C88B5 /* CustomTableCell.h */,
				7683055B1A4A631D002C88B5 /* CustomTableCell.m */,
				768305C41A4BC4B4002C88B5 /* DetailViewController.h */,
				768305C51A4BC4B4002C88B5 /* DetailViewController.m */,
				768305C71A4BD1EC002C88B5 /* AboutViewController.h */,
				768305C81A4BD1EC002C88B5 /* AboutViewController.m */,
			);
			name = ViewControllers;
			sourceTree = "<group>";
		};
		768305CE1A4BEC69002C88B5 /* Views */ = {
			isa = PBXGroup;
			children = (
				768305CA1A4BD772002C88B5 /* Brand.h */,
				768305CB1A4BD772002C88B5 /* Brand.m */,
			);
			name = Views;
			sourceTree = "<group>";
		};
/* End PBXGroup section */

/* Begin PBXNativeTarget section */
		768305021A4A4FCD002C88B5 /* CustomTable */ = {
			isa = PBXNativeTarget;
			buildConfigurationList = 768305261A4A4FCD002C88B5 /* Build configuration list for PBXNativeTarget "CustomTable" */;
			buildPhases = (
				768304FF1A4A4FCD002C88B5 /* Sources */,
				768305001A4A4FCD002C88B5 /* Frameworks */,
				768305011A4A4FCD002C88B5 /* Resources */,
			);
			buildRules = (
			);
			dependencies = (
			);
			name = CustomTable;
			productName = CustomTable;
			productReference = 768305031A4A4FCD002C88B5 /* CustomTable.app */;
			productType = "com.apple.product-type.application";
		};
		7683051B1A4A4FCD002C88B5 /* CustomTableTests */ = {
			isa = PBXNativeTarget;
			buildConfigurationList = 768305291A4A4FCD002C88B5 /* Build configuration list for PBXNativeTarget "CustomTableTests" */;
			buildPhases = (
				768305181A4A4FCD002C88B5 /* Sources */,
				768305191A4A4FCD002C88B5 /* Frameworks */,
				7683051A1A4A4FCD002C88B5 /* Resources */,
			);
			buildRules = (
			);
			dependencies = (
				7683051E1A4A4FCD002C88B5 /* PBXTargetDependency */,
			);
			name = CustomTableTests;
			productName = CustomTableTests;
			productReference = 7683051C1A4A4FCD002C88B5 /* CustomTableTests.xctest */;
			productType = "com.apple.product-type.bundle.unit-test";
		};
/* End PBXNativeTarget section */

/* Begin PBXProject section */
		768304FB1A4A4FCD002C88B5 /* Project object */ = {
			isa = PBXProject;
			attributes = {
				LastUpgradeCheck = 0610;
				ORGANIZATIONNAME = Cyrilshanway;
				TargetAttributes = {
					768305021A4A4FCD002C88B5 = {
						CreatedOnToolsVersion = 6.1.1;
					};
					7683051B1A4A4FCD002C88B5 = {
						CreatedOnToolsVersion = 6.1.1;
						TestTargetID = 768305021A4A4FCD002C88B5;
					};
				};
			};
			buildConfigurationList = 768304FE1A4A4FCD002C88B5 /* Build configuration list for PBXProject "CustomTable" */;
			compatibilityVersion = "Xcode 3.2";
			developmentRegion = English;
			hasScannedForEncodings = 0;
			knownRegions = (
				en,
				Base,
			);
			mainGroup = 768304FA1A4A4FCD002C88B5;
			productRefGroup = 768305041A4A4FCD002C88B5 /* Products */;
			projectDirPath = "";
			projectRoot = "";
			targets = (
				768305021A4A4FCD002C88B5 /* CustomTable */,
				7683051B1A4A4FCD002C88B5 /* CustomTableTests */,
			);
		};
/* End PBXProject section */

/* Begin PBXResourcesBuildPhase section */
		768305011A4A4FCD002C88B5 /* Resources */ = {
			isa = PBXResourcesBuildPhase;
			buildActionMask = 2147483647;
			files = (
				768305121A4A4FCD002C88B5 /* Main.storyboard in Resources */,
				768305591A4A604E002C88B5 /* pic9.png in Resources */,
				7683054A1A4A604E002C88B5 /* pic10.png in Resources */,
				7683054D1A4A604E002C88B5 /* pic13.png in Resources */,
				7683054E1A4A604E002C88B5 /* pic14.png in Resources */,
				768305511A4A604E002C88B5 /* pic17.png in Resources */,
				768305571A4A604E002C88B5 /* pic7.png in Resources */,
				7683054F1A4A604E002C88B5 /* pic15.png in Resources */,
				7683054B1A4A604E002C88B5 /* pic11.png in Resources */,
				768305541A4A604E002C88B5 /* pic4.png in Resources */,
				768305521A4A604E002C88B5 /* pic2.png in Resources */,
				768305531A4A604E002C88B5 /* pic3.png in Resources */,
				768305551A4A604E002C88B5 /* pic5.png in Resources */,
				768305171A4A4FCD002C88B5 /* LaunchScreen.xib in Resources */,
				768305561A4A604E002C88B5 /* pic6.png in Resources */,
				768305141A4A4FCD002C88B5 /* Images.xcassets in Resources */,
				7683054C1A4A604E002C88B5 /* pic12.png in Resources */,
				768305501A4A604E002C88B5 /* pic16.png in Resources */,
				768305581A4A604E002C88B5 /* pic8.png in Resources */,
			);
			runOnlyForDeploymentPostprocessing = 0;
		};
		7683051A1A4A4FCD002C88B5 /* Resources */ = {
			isa = PBXResourcesBuildPhase;
			buildActionMask = 2147483647;
			files = (
			);
			runOnlyForDeploymentPostprocessing = 0;
		};
/* End PBXResourcesBuildPhase section */

/* Begin PBXSourcesBuildPhase section */
		768304FF1A4A4FCD002C88B5 /* Sources */ = {
			isa = PBXSourcesBuildPhase;
			buildActionMask = 2147483647;
			files = (
				768305C91A4BD1EC002C88B5 /* AboutViewController.m in Sources */,
				768305C61A4BC4B4002C88B5 /* DetailViewController.m in Sources */,
				7683050F1A4A4FCD002C88B5 /* CustomTableViewController.m in Sources */,
				7683050C1A4A4FCD002C88B5 /* AppDelegate.m in Sources */,
				768305CC1A4BD772002C88B5 /* Brand.m in Sources */,
				768305091A4A4FCD002C88B5 /* main.m in Sources */,
				7683055C1A4A631D002C88B5 /* CustomTableCell.m in Sources */,
			);
			runOnlyForDeploymentPostprocessing = 0;
		};
		768305181A4A4FCD002C88B5 /* Sources */ = {
			isa = PBXSourcesBuildPhase;
			buildActionMask = 2147483647;
			files = (
				768305231A4A4FCD002C88B5 /* CustomTableTests.m in Sources */,
			);
			runOnlyForDeploymentPostprocessing = 0;
		};
/* End PBXSourcesBuildPhase section */

/* Begin PBXTargetDependency section */
		7683051E1A4A4FCD002C88B5 /* PBXTargetDependency */ = {
			isa = PBXTargetDependency;
			target = 768305021A4A4FCD002C88B5 /* CustomTable */;
			targetProxy = 7683051D1A4A4FCD002C88B5 /* PBXContainerItemProxy */;
		};
/* End PBXTargetDependency section */

/* Begin PBXVariantGroup section */
		768305101A4A4FCD002C88B5 /* Main.storyboard */ = {
			isa = PBXVariantGroup;
			children = (
				768305111A4A4FCD002C88B5 /* Base */,
			);
			name = Main.storyboard;
			sourceTree = "<group>";
		};
		768305151A4A4FCD002C88B5 /* LaunchScreen.xib */ = {
			isa = PBXVariantGroup;
			children = (
				768305161A4A4FCD002C88B5 /* Base */,
			);
			name = LaunchScreen.xib;
			sourceTree = "<group>";
		};
/* End PBXVariantGroup section */

/* Begin XCBuildConfiguration section */
		768305241A4A4FCD002C88B5 /* Debug */ = {
			isa = XCBuildConfiguration;
			buildSettings = {
				ALWAYS_SEARCH_USER_PATHS = NO;
				CLANG_CXX_LANGUAGE_STANDARD = "gnu++0x";
				CLANG_CXX_LIBRARY = "libc++";
				CLANG_ENABLE_MODULES = YES;
				CLANG_ENABLE_OBJC_ARC = YES;
				CLANG_WARN_BOOL_CONVERSION = YES;
				CLANG_WARN_CONSTANT_CONVERSION = YES;
				CLANG_WARN_DIRECT_OBJC_ISA_USAGE = YES_ERROR;
				CLANG_WARN_EMPTY_BODY = YES;
				CLANG_WARN_ENUM_CONVERSION = YES;
				CLANG_WARN_INT_CONVERSION = YES;
				CLANG_WARN_OBJC_ROOT_CLASS = YES_ERROR;
				CLANG_WARN_UNREACHABLE_CODE = YES;
				CLANG_WARN__DUPLICATE_METHOD_MATCH = YES;
				"CODE_SIGN_IDENTITY[sdk=iphoneos*]" = "iPhone Developer";
				COPY_PHASE_STRIP = NO;
				ENABLE_STRICT_OBJC_MSGSEND = YES;
				GCC_C_LANGUAGE_STANDARD = gnu99;
				GCC_DYNAMIC_NO_PIC = NO;
				GCC_OPTIMIZATION_LEVEL = 0;
				GCC_PREPROCESSOR_DEFINITIONS = (
					"DEBUG=1",
					"$(inherited)",
				);
				GCC_SYMBOLS_PRIVATE_EXTERN = NO;
				GCC_WARN_64_TO_32_BIT_CONVERSION = YES;
				GCC_WARN_ABOUT_RETURN_TYPE = YES_ERROR;
				GCC_WARN_UNDECLARED_SELECTOR = YES;
				GCC_WARN_UNINITIALIZED_AUTOS = YES_AGGRESSIVE;
				GCC_WARN_UNUSED_FUNCTION = YES;
				GCC_WARN_UNUSED_VARIABLE = YES;
				IPHONEOS_DEPLOYMENT_TARGET = 7.1;
				MTL_ENABLE_DEBUG_INFO = YES;
				ONLY_ACTIVE_ARCH = YES;
				SDKROOT = iphoneos;
			};
			name = Debug;
		};
		768305251A4A4FCD002C88B5 /* Release */ = {
			isa = XCBuildConfiguration;
			buildSettings = {
				ALWAYS_SEARCH_USER_PATHS = NO;
				CLANG_CXX_LANGUAGE_STANDARD = "gnu++0x";
				CLANG_CXX_LIBRARY = "libc++";
				CLANG_ENABLE_MODULES = YES;
				CLANG_ENABLE_OBJC_ARC = YES;
				CLANG_WARN_BOOL_CONVERSION = YES;
				CLANG_WARN_CONSTANT_CONVERSION = YES;
				CLANG_WARN_DIRECT_OBJC_ISA_USAGE = YES_ERROR;
				CLANG_WARN_EMPTY_BODY = YES;
				CLANG_WARN_ENUM_CONVERSION = YES;
				CLANG_WARN_INT_CONVERSION = YES;
				CLANG_WARN_OBJC_ROOT_CLASS = YES_ERROR;
				CLANG_WARN_UNREACHABLE_CODE = YES;
				CLANG_WARN__DUPLICATE_METHOD_MATCH = YES;
				"CODE_SIGN_IDENTITY[sdk=iphoneos*]" = "iPhone Developer";
				COPY_PHASE_STRIP = YES;
				ENABLE_NS_ASSERTIONS = NO;
				ENABLE_STRICT_OBJC_MSGSEND = YES;
				GCC_C_LANGUAGE_STANDARD = gnu99;
				GCC_WARN_64_TO_32_BIT_CONVERSION = YES;
				GCC_WARN_ABOUT_RETURN_TYPE = YES_ERROR;
				GCC_WARN_UNDECLARED_SELECTOR = YES;
				GCC_WARN_UNINITIALIZED_AUTOS = YES_AGGRESSIVE;
				GCC_WARN_UNUSED_FUNCTION = YES;
				GCC_WARN_UNUSED_VARIABLE = YES;
				IPHONEOS_DEPLOYMENT_TARGET = 7.1;
				MTL_ENABLE_DEBUG_INFO = NO;
				SDKROOT = iphoneos;
				VALIDATE_PRODUCT = YES;
			};
			name = Release;
		};
		768305271A4A4FCD002C88B5 /* Debug */ = {
			isa = XCBuildConfiguration;
			buildSettings = {
				ASSETCATALOG_COMPILER_APPICON_NAME = AppIcon;
				INFOPLIST_FILE = CustomTable/Info.plist;
				LD_RUNPATH_SEARCH_PATHS = "$(inherited) @executable_path/Frameworks";
				PRODUCT_NAME = "$(TARGET_NAME)";
			};
			name = Debug;
		};
		768305281A4A4FCD002C88B5 /* Release */ = {
			isa = XCBuildConfiguration;
			buildSettings = {
				ASSETCATALOG_COMPILER_APPICON_NAME = AppIcon;
				INFOPLIST_FILE = CustomTable/Info.plist;
				LD_RUNPATH_SEARCH_PATHS = "$(inherited) @executable_path/Frameworks";
				PRODUCT_NAME = "$(TARGET_NAME)";
			};
			name = Release;
		};
		7683052A1A4A4FCD002C88B5 /* Debug */ = {
			isa = XCBuildConfiguration;
			buildSettings = {
				BUNDLE_LOADER = "$(TEST_HOST)";
				FRAMEWORK_SEARCH_PATHS = (
					"$(SDKROOT)/Developer/Library/Frameworks",
					"$(inherited)",
				);
				GCC_PREPROCESSOR_DEFINITIONS = (
					"DEBUG=1",
					"$(inherited)",
				);
				INFOPLIST_FILE = CustomTableTests/Info.plist;
				LD_RUNPATH_SEARCH_PATHS = "$(inherited) @executable_path/Frameworks @loader_path/Frameworks";
				PRODUCT_NAME = "$(TARGET_NAME)";
				TEST_HOST = "$(BUILT_PRODUCTS_DIR)/CustomTable.app/CustomTable";
			};
			name = Debug;
		};
		7683052B1A4A4FCD002C88B5 /* Release */ = {
			isa = XCBuildConfiguration;
			buildSettings = {
				BUNDLE_LOADER = "$(TEST_HOST)";
				FRAMEWORK_SEARCH_PATHS = (
					"$(SDKROOT)/Developer/Library/Frameworks",
					"$(inherited)",
				);
				INFOPLIST_FILE = CustomTableTests/Info.plist;
				LD_RUNPATH_SEARCH_PATHS = "$(inherited) @executable_path/Frameworks @loader_path/Frameworks";
				PRODUCT_NAME = "$(TARGET_NAME)";
				TEST_HOST = "$(BUILT_PRODUCTS_DIR)/CustomTable.app/CustomTable";
			};
			name = Release;
		};
/* End XCBuildConfiguration section */

/* Begin XCConfigurationList section */
		768304FE1A4A4FCD002C88B5 /* Build configuration list for PBXProject "CustomTable" */ = {
			isa = XCConfigurationList;
			buildConfigurations = (
				768305241A4A4FCD002C88B5 /* Debug */,
				768305251A4A4FCD002C88B5 /* Release */,
			);
			defaultConfigurationIsVisible = 0;
			defaultConfigurationName = Release;
		};
		768305261A4A4FCD002C88B5 /* Build configuration list for PBXNativeTarget "CustomTable" */ = {
			isa = XCConfigurationList;
			buildConfigurations = (
				768305271A4A4FCD002C88B5 /* Debug */,
				768305281A4A4FCD002C88B5 /* Release */,
			);
			defaultConfigurationIsVisible = 0;
			defaultConfigurationName = Release;
		};
		768305291A4A4FCD002C88B5 /* Build configuration list for PBXNativeTarget "CustomTableTests" */ = {
			isa = XCConfigurationList;
			buildConfigurations = (
				7683052A1A4A4FCD002C88B5 /* Debug */,
				7683052B1A4A4FCD002C88B5 /* Release */,
			);
			defaultConfigurationIsVisible = 0;
			defaultConfigurationName = Release;
		};
/* End XCConfigurationList section */
	};
	rootObject = 768304FB1A4A4FCD002C88B5 /* Project object */;
}
